
Microsoft Visual Studio Solution File, Format Version 12.00
# Visual Studio 2012
Project("{FAE04EC0-301F-11D3-BF4B-00C04F79EFBC}") = "TMT", "TMT\TMT.csproj", "{9268568E-B575-444A-A2ED-09F76F439928}"
EndProject
Project("{FAE04EC0-301F-11D3-BF4B-00C04F79EFBC}") = "TMTTests", "TMT_UnitTest\TMTTests.csproj", "{A1BC5A8D-4B41-4E6F-8B9B-07B40E34BDDF}"
EndProject
Global
	GlobalSection(SolutionConfigurationPlatforms) = preSolution
		Debug|Any CPU = Debug|Any CPU
		Release|Any CPU = Release|Any CPU
	EndGlobalSection
	GlobalSection(ProjectConfigurationPlatforms) = postSolution
		{9268568E-B575-444A-A2ED-09F76F439928}.Debug|Any CPU.ActiveCfg = Debug|Any CPU
		{9268568E-B575-444A-A2ED-09F76F439928}.Debug|Any CPU.Build.0 = Debug|Any CPU
		{9268568E-B575-444A-A2ED-09F76F439928}.Release|Any CPU.ActiveCfg = Release|Any CPU
		{9268568E-B575-444A-A2ED-09F76F439928}.Release|Any CPU.Build.0 = Release|Any CPU
		{A1BC5A8D-4B41-4E6F-8B9B-07B40E34BDDF}.Debug|Any CPU.ActiveCfg = Debug|Any CPU
		{A1BC5A8D-4B41-4E6F-8B9B-07B40E34BDDF}.Debug|Any CPU.Build.0 = Debug|Any CPU
		{A1BC5A8D-4B41-4E6F-8B9B-07B40E34BDDF}.Release|Any CPU.ActiveCfg = Release|Any CPU
		{A1BC5A8D-4B41-4E6F-8B9B-07B40E34BDDF}.Release|Any CPU.Build.0 = Release|Any CPU
	EndGlobalSection
	GlobalSection(SolutionProperties) = preSolution
		HideSolutionNode = FALSE
	EndGlobalSection
EndGlobal
